
Microsoft Visual Studio Solution File, Format Version 12.00
# Visual Studio Version 17
VisualStudioVersion = 17.5.33502.453
MinimumVisualStudioVersion = 10.0.40219.1
Project("{FAE04EC0-301F-11D3-BF4B-00C04F79EFBC}") = "Bank", "Bank\Bank.csproj", "{C55EF2F9-883D-4181-947E-C916F436C146}"
EndProject
Project("{FAE04EC0-301F-11D3-BF4B-00C04F79EFBC}") = "BankTest", "BankTest\BankTest.csproj", "{F86D0BE8-EFFB-4486-852A-8C6270A63A8E}"
EndProject
Global
	GlobalSection(SolutionConfigurationPlatforms) = preSolution
		Debug|Any CPU = Debug|Any CPU
		Release|Any CPU = Release|Any CPU
	EndGlobalSection
	GlobalSection(ProjectConfigurationPlatforms) = postSolution
		{C55EF2F9-883D-4181-947E-C916F436C146}.Debug|Any CPU.ActiveCfg = Debug|Any CPU
		{C55EF2F9-883D-4181-947E-C916F436C146}.Debug|Any CPU.Build.0 = Debug|Any CPU
		{C55EF2F9-883D-4181-947E-C916F436C146}.Release|Any CPU.ActiveCfg = Release|Any CPU
		{C55EF2F9-883D-4181-947E-C916F436C146}.Release|Any CPU.Build.0 = Release|Any CPU
		{F86D0BE8-EFFB-4486-852A-8C6270A63A8E}.Debug|Any CPU.ActiveCfg = Debug|Any CPU
		{F86D0BE8-EFFB-4486-852A-8C6270A63A8E}.Debug|Any CPU.Build.0 = Debug|Any CPU
		{F86D0BE8-EFFB-4486-852A-8C6270A63A8E}.Release|Any CPU.ActiveCfg = Release|Any CPU
		{F86D0BE8-EFFB-4486-852A-8C6270A63A8E}.Release|Any CPU.Build.0 = Release|Any CPU
	EndGlobalSection
	GlobalSection(SolutionProperties) = preSolution
		HideSolutionNode = FALSE
	EndGlobalSection
	GlobalSection(ExtensibilityGlobals) = postSolution
		SolutionGuid = {85FD5402-5036-49A1-985F-B8A435B4A7BE}
	EndGlobalSection
EndGlobal
